
Microsoft Visual Studio Solution File, Format Version 12.00
Project("{2150E333-8FDC-42A3-9474-1A3956D46DE8}") = "src", "src", "{AAE72D3B-6B94-4227-AFB3-2DEE5DF44C4F}"
EndProject
Project("{2150E333-8FDC-42A3-9474-1A3956D46DE8}") = "API", "API", "{14533D23-3760-4B6E-903B-72E134931E44}"
EndProject
Project("{2150E333-8FDC-42A3-9474-1A3956D46DE8}") = "Core", "Core", "{8C75B62B-E418-4BB2-8720-9D55B68F3D27}"
EndProject
Project("{2150E333-8FDC-42A3-9474-1A3956D46DE8}") = "Infrastructure", "Infrastructure", "{CB7E67DD-8438-4777-A177-D9E3E33ACF49}"
EndProject
Project("{2150E333-8FDC-42A3-9474-1A3956D46DE8}") = "UI", "UI", "{C701C5A5-F607-4BA9-A485-56F45C968744}"
EndProject
Project("{2150E333-8FDC-42A3-9474-1A3956D46DE8}") = "test", "test", "{41D52E94-7529-4434-8F48-118E391C13C5}"
EndProject
Project("{FAE04EC0-301F-11D3-BF4B-00C04F79EFBC}") = "TrackMyMacros.Domain", "TrackMyMacros.Domain\TrackMyMacros.Domain.csproj", "{987F9894-B7BA-4107-891A-30280CDA4022}"
EndProject
Project("{FAE04EC0-301F-11D3-BF4B-00C04F79EFBC}") = "TrackMyMacros.Application", "TrackMyMacros.Application\TrackMyMacros.Application.csproj", "{02EA1761-34D1-41E0-A7D6-09C8AE890165}"
EndProject
Project("{FAE04EC0-301F-11D3-BF4B-00C04F79EFBC}") = "TrackMyMacros.Persistance", "TrackMyMacros.Persistance\TrackMyMacros.Persistance.csproj", "{8AE58E83-CEB2-431A-AE5F-A40C7915C05B}"
EndProject
Project("{FAE04EC0-301F-11D3-BF4B-00C04F79EFBC}") = "TrackMyMacros.Api", "TrackMyMacros.Api\TrackMyMacros.Api.csproj", "{F680DDD6-9966-4252-895B-4B9E7DE2C748}"
EndProject
Project("{FAE04EC0-301F-11D3-BF4B-00C04F79EFBC}") = "TrackMyMacros.App2", "TrackMyMacros.App2\TrackMyMacros.App2.csproj", "{1C9E367F-2C57-48A3-B63B-FADEDDCBCB4B}"
EndProject
Project("{FAE04EC0-301F-11D3-BF4B-00C04F79EFBC}") = "TrackMyMacros.Dtos", "TrackMyMacros.Dtos\TrackMyMacros.Dtos.csproj", "{9CCFA72F-2FBE-42E1-AD64-E46310EB4FBE}"
EndProject
Project("{FAE04EC0-301F-11D3-BF4B-00C04F79EFBC}") = "TrackMyMacros.Infrastructure", "TrackMyMacros.Infrastructure\TrackMyMacros.Infrastructure.csproj", "{52C1B1CB-8170-41A5-9C7F-BE722EB0D475}"
EndProject
Project("{FAE04EC0-301F-11D3-BF4B-00C04F79EFBC}") = "CodeAnalysisConsole", "CodeAnalysisConsole\CodeAnalysisConsole.csproj", "{7F13A489-75F9-4F6B-A0F0-9AFD69E91039}"
EndProject
Project("{FAE04EC0-301F-11D3-BF4B-00C04F79EFBC}") = "TrackMyMacros.Attributes", "TrackMyMacros.Attributes\TrackMyMacros.Attributes.csproj", "{4C3130AB-FEA8-44C5-8AEB-E3ED08C26068}"
EndProject
Global
	GlobalSection(SolutionConfigurationPlatforms) = preSolution
		Debug|Any CPU = Debug|Any CPU
		Release|Any CPU = Release|Any CPU
	EndGlobalSection
	GlobalSection(NestedProjects) = preSolution
		{14533D23-3760-4B6E-903B-72E134931E44} = {AAE72D3B-6B94-4227-AFB3-2DEE5DF44C4F}
		{8C75B62B-E418-4BB2-8720-9D55B68F3D27} = {AAE72D3B-6B94-4227-AFB3-2DEE5DF44C4F}
		{CB7E67DD-8438-4777-A177-D9E3E33ACF49} = {AAE72D3B-6B94-4227-AFB3-2DEE5DF44C4F}
		{C701C5A5-F607-4BA9-A485-56F45C968744} = {AAE72D3B-6B94-4227-AFB3-2DEE5DF44C4F}
		{987F9894-B7BA-4107-891A-30280CDA4022} = {8C75B62B-E418-4BB2-8720-9D55B68F3D27}
		{02EA1761-34D1-41E0-A7D6-09C8AE890165} = {8C75B62B-E418-4BB2-8720-9D55B68F3D27}
		{8AE58E83-CEB2-431A-AE5F-A40C7915C05B} = {CB7E67DD-8438-4777-A177-D9E3E33ACF49}
		{F680DDD6-9966-4252-895B-4B9E7DE2C748} = {14533D23-3760-4B6E-903B-72E134931E44}
		{1C9E367F-2C57-48A3-B63B-FADEDDCBCB4B} = {C701C5A5-F607-4BA9-A485-56F45C968744}
		{9CCFA72F-2FBE-42E1-AD64-E46310EB4FBE} = {AAE72D3B-6B94-4227-AFB3-2DEE5DF44C4F}
		{52C1B1CB-8170-41A5-9C7F-BE722EB0D475} = {CB7E67DD-8438-4777-A177-D9E3E33ACF49}
		{7F13A489-75F9-4F6B-A0F0-9AFD69E91039} = {AAE72D3B-6B94-4227-AFB3-2DEE5DF44C4F}
		{4C3130AB-FEA8-44C5-8AEB-E3ED08C26068} = {8C75B62B-E418-4BB2-8720-9D55B68F3D27}
	EndGlobalSection
	GlobalSection(ProjectConfigurationPlatforms) = postSolution
		{987F9894-B7BA-4107-891A-30280CDA4022}.Debug|Any CPU.ActiveCfg = Debug|Any CPU
		{987F9894-B7BA-4107-891A-30280CDA4022}.Debug|Any CPU.Build.0 = Debug|Any CPU
		{987F9894-B7BA-4107-891A-30280CDA4022}.Release|Any CPU.ActiveCfg = Release|Any CPU
		{987F9894-B7BA-4107-891A-30280CDA4022}.Release|Any CPU.Build.0 = Release|Any CPU
		{02EA1761-34D1-41E0-A7D6-09C8AE890165}.Debug|Any CPU.ActiveCfg = Debug|Any CPU
		{02EA1761-34D1-41E0-A7D6-09C8AE890165}.Debug|Any CPU.Build.0 = Debug|Any CPU
		{02EA1761-34D1-41E0-A7D6-09C8AE890165}.Release|Any CPU.ActiveCfg = Release|Any CPU
		{02EA1761-34D1-41E0-A7D6-09C8AE890165}.Release|Any CPU.Build.0 = Release|Any CPU
		{8AE58E83-CEB2-431A-AE5F-A40C7915C05B}.Debug|Any CPU.ActiveCfg = Debug|Any CPU
		{8AE58E83-CEB2-431A-AE5F-A40C7915C05B}.Debug|Any CPU.Build.0 = Debug|Any CPU
		{8AE58E83-CEB2-431A-AE5F-A40C7915C05B}.Release|Any CPU.ActiveCfg = Release|Any CPU
		{8AE58E83-CEB2-431A-AE5F-A40C7915C05B}.Release|Any CPU.Build.0 = Release|Any CPU
		{F680DDD6-9966-4252-895B-4B9E7DE2C748}.Debug|Any CPU.ActiveCfg = Debug|Any CPU
		{F680DDD6-9966-4252-895B-4B9E7DE2C748}.Debug|Any CPU.Build.0 = Debug|Any CPU
		{F680DDD6-9966-4252-895B-4B9E7DE2C748}.Release|Any CPU.ActiveCfg = Release|Any CPU
		{F680DDD6-9966-4252-895B-4B9E7DE2C748}.Release|Any CPU.Build.0 = Release|Any CPU
		{1C9E367F-2C57-48A3-B63B-FADEDDCBCB4B}.Debug|Any CPU.ActiveCfg = Debug|Any CPU
		{1C9E367F-2C57-48A3-B63B-FADEDDCBCB4B}.Debug|Any CPU.Build.0 = Debug|Any CPU
		{1C9E367F-2C57-48A3-B63B-FADEDDCBCB4B}.Release|Any CPU.ActiveCfg = Release|Any CPU
		{1C9E367F-2C57-48A3-B63B-FADEDDCBCB4B}.Release|Any CPU.Build.0 = Release|Any CPU
		{9CCFA72F-2FBE-42E1-AD64-E46310EB4FBE}.Debug|Any CPU.ActiveCfg = Debug|Any CPU
		{9CCFA72F-2FBE-42E1-AD64-E46310EB4FBE}.Debug|Any CPU.Build.0 = Debug|Any CPU
		{9CCFA72F-2FBE-42E1-AD64-E46310EB4FBE}.Release|Any CPU.ActiveCfg = Release|Any CPU
		{9CCFA72F-2FBE-42E1-AD64-E46310EB4FBE}.Release|Any CPU.Build.0 = Release|Any CPU
		{52C1B1CB-8170-41A5-9C7F-BE722EB0D475}.Debug|Any CPU.ActiveCfg = Debug|Any CPU
		{52C1B1CB-8170-41A5-9C7F-BE722EB0D475}.Debug|Any CPU.Build.0 = Debug|Any CPU
		{52C1B1CB-8170-41A5-9C7F-BE722EB0D475}.Release|Any CPU.ActiveCfg = Release|Any CPU
		{52C1B1CB-8170-41A5-9C7F-BE722EB0D475}.Release|Any CPU.Build.0 = Release|Any CPU
		{7F13A489-75F9-4F6B-A0F0-9AFD69E91039}.Debug|Any CPU.ActiveCfg = Debug|Any CPU
		{7F13A489-75F9-4F6B-A0F0-9AFD69E91039}.Debug|Any CPU.Build.0 = Debug|Any CPU
		{7F13A489-75F9-4F6B-A0F0-9AFD69E91039}.Release|Any CPU.ActiveCfg = Release|Any CPU
		{7F13A489-75F9-4F6B-A0F0-9AFD69E91039}.Release|Any CPU.Build.0 = Release|Any CPU
		{4C3130AB-FEA8-44C5-8AEB-E3ED08C26068}.Debug|Any CPU.ActiveCfg = Debug|Any CPU
		{4C3130AB-FEA8-44C5-8AEB-E3ED08C26068}.Debug|Any CPU.Build.0 = Debug|Any CPU
		{4C3130AB-FEA8-44C5-8AEB-E3ED08C26068}.Release|Any CPU.ActiveCfg = Release|Any CPU
		{4C3130AB-FEA8-44C5-8AEB-E3ED08C26068}.Release|Any CPU.Build.0 = Release|Any CPU
	EndGlobalSection
EndGlobal
